// !$*UTF8*$!
{
	archiveVersion = 1;
	classes = {
	};
	objectVersion = 56;
	objects = {

/* Begin PBXBuildFile section */
		3FBBAB96B32F324086E62320 /* Pods_Chat_App.framework in Frameworks */ = {isa = PBXBuildFile; fileRef = 051BFA342CF8C6CC1B06FDFD /* Pods_Chat_App.framework */; };
		841DDBEF296A772400E00FC3 /* AuthService.swift in Sources */ = {isa = PBXBuildFile; fileRef = 841DDBEE296A772400E00FC3 /* AuthService.swift */; };
		841DDBF1296A9F8000E00FC3 /* NewMessageController.swift in Sources */ = {isa = PBXBuildFile; fileRef = 841DDBF0296A9F7F00E00FC3 /* NewMessageController.swift */; };
		841DDBF3296AAAE200E00FC3 /* UserCell.swift in Sources */ = {isa = PBXBuildFile; fileRef = 841DDBF2296AAAE200E00FC3 /* UserCell.swift */; };
		841DDBF5296ABF5600E00FC3 /* User.swift in Sources */ = {isa = PBXBuildFile; fileRef = 841DDBF4296ABF5600E00FC3 /* User.swift */; };
		841DDBF7296AC03A00E00FC3 /* Service.swift in Sources */ = {isa = PBXBuildFile; fileRef = 841DDBF6296AC03A00E00FC3 /* Service.swift */; };
		841DDBF9296B062500E00FC3 /* ChatController.swift in Sources */ = {isa = PBXBuildFile; fileRef = 841DDBF8296B062500E00FC3 /* ChatController.swift */; };
		841DDBFB296B22A400E00FC3 /* CustomeInputAccessoryView.swift in Sources */ = {isa = PBXBuildFile; fileRef = 841DDBFA296B22A400E00FC3 /* CustomeInputAccessoryView.swift */; };
		841DDBFD296B44A900E00FC3 /* MessageCell.swift in Sources */ = {isa = PBXBuildFile; fileRef = 841DDBFC296B44A900E00FC3 /* MessageCell.swift */; };
		841DDBFF296B51FC00E00FC3 /* Message.swift in Sources */ = {isa = PBXBuildFile; fileRef = 841DDBFE296B51FC00E00FC3 /* Message.swift */; };
		841DDC01296B585B00E00FC3 /* MessageViewModel.swift in Sources */ = {isa = PBXBuildFile; fileRef = 841DDC00296B585B00E00FC3 /* MessageViewModel.swift */; };
		841DDC03296B84E500E00FC3 /* Constant.swift in Sources */ = {isa = PBXBuildFile; fileRef = 841DDC02296B84E500E00FC3 /* Constant.swift */; };
		8480720F296223E8002A3BC9 /* RegistrationViewModel.swift in Sources */ = {isa = PBXBuildFile; fileRef = 8480720E296223E8002A3BC9 /* RegistrationViewModel.swift */; };
		84A92B5F29614A3000B8C4E9 /* LoginController.swift in Sources */ = {isa = PBXBuildFile; fileRef = 84A92B5E29614A3000B8C4E9 /* LoginController.swift */; };
		84A92B6129614A4C00B8C4E9 /* RegistrationController.swift in Sources */ = {isa = PBXBuildFile; fileRef = 84A92B6029614A4C00B8C4E9 /* RegistrationController.swift */; };
		84A92B6329615AB900B8C4E9 /* Extension.swift in Sources */ = {isa = PBXBuildFile; fileRef = 84A92B6229615AB900B8C4E9 /* Extension.swift */; };
		84C56A9729616F2D00BEF37C /* InputContainerView.swift in Sources */ = {isa = PBXBuildFile; fileRef = 84C56A9629616F2D00BEF37C /* InputContainerView.swift */; };
		84C56A992961771700BEF37C /* CustomeTextField.swift in Sources */ = {isa = PBXBuildFile; fileRef = 84C56A982961771700BEF37C /* CustomeTextField.swift */; };
		84C56A9B29618B5300BEF37C /* LoginViewModel.swift in Sources */ = {isa = PBXBuildFile; fileRef = 84C56A9A29618B5300BEF37C /* LoginViewModel.swift */; };
		84C56A9D2961B02200BEF37C /* GoogleService-Info.plist in Resources */ = {isa = PBXBuildFile; fileRef = 84C56A9C2961B02200BEF37C /* GoogleService-Info.plist */; };
		84FF0B8A29608CB300DC12A5 /* AppDelegate.swift in Sources */ = {isa = PBXBuildFile; fileRef = 84FF0B8929608CB300DC12A5 /* AppDelegate.swift */; };
		84FF0B8C29608CB300DC12A5 /* SceneDelegate.swift in Sources */ = {isa = PBXBuildFile; fileRef = 84FF0B8B29608CB300DC12A5 /* SceneDelegate.swift */; };
		84FF0B8E29608CB300DC12A5 /* ViewController.swift in Sources */ = {isa = PBXBuildFile; fileRef = 84FF0B8D29608CB300DC12A5 /* ViewController.swift */; };
		84FF0B9129608CB300DC12A5 /* Main.storyboard in Resources */ = {isa = PBXBuildFile; fileRef = 84FF0B8F29608CB300DC12A5 /* Main.storyboard */; };
		84FF0B9329608CB800DC12A5 /* Assets.xcassets in Resources */ = {isa = PBXBuildFile; fileRef = 84FF0B9229608CB800DC12A5 /* Assets.xcassets */; };
		84FF0B9629608CB800DC12A5 /* LaunchScreen.storyboard in Resources */ = {isa = PBXBuildFile; fileRef = 84FF0B9429608CB800DC12A5 /* LaunchScreen.storyboard */; };
		84FF0BA629608F5500DC12A5 /* ConversionController.swift in Sources */ = {isa = PBXBuildFile; fileRef = 84FF0BA529608F5500DC12A5 /* ConversionController.swift */; };
/* End PBXBuildFile section */

/* Begin PBXFileReference section */
		051BFA342CF8C6CC1B06FDFD /* Pods_Chat_App.framework */ = {isa = PBXFileReference; explicitFileType = wrapper.framework; includeInIndex = 0; path = Pods_Chat_App.framework; sourceTree = BUILT_PRODUCTS_DIR; };
		841DDBEE296A772400E00FC3 /* AuthService.swift */ = {isa = PBXFileReference; lastKnownFileType = sourcecode.swift; path = AuthService.swift; sourceTree = "<group>"; };
		841DDBF0296A9F7F00E00FC3 /* NewMessageController.swift */ = {isa = PBXFileReference; lastKnownFileType = sourcecode.swift; path = NewMessageController.swift; sourceTree = "<group>"; };
		841DDBF2296AAAE200E00FC3 /* UserCell.swift */ = {isa = PBXFileReference; lastKnownFileType = sourcecode.swift; path = UserCell.swift; sourceTree = "<group>"; };
		841DDBF4296ABF5600E00FC3 /* User.swift */ = {isa = PBXFileReference; lastKnownFileType = sourcecode.swift; path = User.swift; sourceTree = "<group>"; };
		841DDBF6296AC03A00E00FC3 /* Service.swift */ = {isa = PBXFileReference; lastKnownFileType = sourcecode.swift; path = Service.swift; sourceTree = "<group>"; };
		841DDBF8296B062500E00FC3 /* ChatController.swift */ = {isa = PBXFileReference; lastKnownFileType = sourcecode.swift; path = ChatController.swift; sourceTree = "<group>"; };
		841DDBFA296B22A400E00FC3 /* CustomeInputAccessoryView.swift */ = {isa = PBXFileReference; lastKnownFileType = sourcecode.swift; path = CustomeInputAccessoryView.swift; sourceTree = "<group>"; };
		841DDBFC296B44A900E00FC3 /* MessageCell.swift */ = {isa = PBXFileReference; lastKnownFileType = sourcecode.swift; path = MessageCell.swift; sourceTree = "<group>"; };
		841DDBFE296B51FC00E00FC3 /* Message.swift */ = {isa = PBXFileReference; lastKnownFileType = sourcecode.swift; path = Message.swift; sourceTree = "<group>"; };
		841DDC00296B585B00E00FC3 /* MessageViewModel.swift */ = {isa = PBXFileReference; lastKnownFileType = sourcecode.swift; path = MessageViewModel.swift; sourceTree = "<group>"; };
		841DDC02296B84E500E00FC3 /* Constant.swift */ = {isa = PBXFileReference; lastKnownFileType = sourcecode.swift; path = Constant.swift; sourceTree = "<group>"; };
		8480720E296223E8002A3BC9 /* RegistrationViewModel.swift */ = {isa = PBXFileReference; lastKnownFileType = sourcecode.swift; path = RegistrationViewModel.swift; sourceTree = "<group>"; };
		84A92B5E29614A3000B8C4E9 /* LoginController.swift */ = {isa = PBXFileReference; lastKnownFileType = sourcecode.swift; path = LoginController.swift; sourceTree = "<group>"; };
		84A92B6029614A4C00B8C4E9 /* RegistrationController.swift */ = {isa = PBXFileReference; lastKnownFileType = sourcecode.swift; path = RegistrationController.swift; sourceTree = "<group>"; };
		84A92B6229615AB900B8C4E9 /* Extension.swift */ = {isa = PBXFileReference; lastKnownFileType = sourcecode.swift; path = Extension.swift; sourceTree = "<group>"; };
		84C56A9629616F2D00BEF37C /* InputContainerView.swift */ = {isa = PBXFileReference; lastKnownFileType = sourcecode.swift; path = InputContainerView.swift; sourceTree = "<group>"; };
		84C56A982961771700BEF37C /* CustomeTextField.swift */ = {isa = PBXFileReference; lastKnownFileType = sourcecode.swift; path = CustomeTextField.swift; sourceTree = "<group>"; };
		84C56A9A29618B5300BEF37C /* LoginViewModel.swift */ = {isa = PBXFileReference; lastKnownFileType = sourcecode.swift; path = LoginViewModel.swift; sourceTree = "<group>"; };
		84C56A9C2961B02200BEF37C /* GoogleService-Info.plist */ = {isa = PBXFileReference; fileEncoding = 4; lastKnownFileType = text.plist.xml; path = "GoogleService-Info.plist"; sourceTree = "<group>"; };
		84FF0B8629608CB300DC12A5 /* Chat App.app */ = {isa = PBXFileReference; explicitFileType = wrapper.application; includeInIndex = 0; path = "Chat App.app"; sourceTree = BUILT_PRODUCTS_DIR; };
		84FF0B8929608CB300DC12A5 /* AppDelegate.swift */ = {isa = PBXFileReference; lastKnownFileType = sourcecode.swift; path = AppDelegate.swift; sourceTree = "<group>"; };
		84FF0B8B29608CB300DC12A5 /* SceneDelegate.swift */ = {isa = PBXFileReference; lastKnownFileType = sourcecode.swift; path = SceneDelegate.swift; sourceTree = "<group>"; };
		84FF0B8D29608CB300DC12A5 /* ViewController.swift */ = {isa = PBXFileReference; lastKnownFileType = sourcecode.swift; path = ViewController.swift; sourceTree = "<group>"; };
		84FF0B9029608CB300DC12A5 /* Base */ = {isa = PBXFileReference; lastKnownFileType = file.storyboard; name = Base; path = Base.lproj/Main.storyboard; sourceTree = "<group>"; };
		84FF0B9229608CB800DC12A5 /* Assets.xcassets */ = {isa = PBXFileReference; lastKnownFileType = folder.assetcatalog; path = Assets.xcassets; sourceTree = "<group>"; };
		84FF0B9529608CB800DC12A5 /* Base */ = {isa = PBXFileReference; lastKnownFileType = file.storyboard; name = Base; path = Base.lproj/LaunchScreen.storyboard; sourceTree = "<group>"; };
		84FF0B9729608CB800DC12A5 /* Info.plist */ = {isa = PBXFileReference; lastKnownFileType = text.plist.xml; path = Info.plist; sourceTree = "<group>"; };
		84FF0BA529608F5500DC12A5 /* ConversionController.swift */ = {isa = PBXFileReference; lastKnownFileType = sourcecode.swift; path = ConversionController.swift; sourceTree = "<group>"; };
		9704A5F1C219334A8BABE35F /* Pods-Chat App.release.xcconfig */ = {isa = PBXFileReference; includeInIndex = 1; lastKnownFileType = text.xcconfig; name = "Pods-Chat App.release.xcconfig"; path = "Target Support Files/Pods-Chat App/Pods-Chat App.release.xcconfig"; sourceTree = "<group>"; };
		A0E019503720E0F3EE3E9F8A /* Pods-Chat App.debug.xcconfig */ = {isa = PBXFileReference; includeInIndex = 1; lastKnownFileType = text.xcconfig; name = "Pods-Chat App.debug.xcconfig"; path = "Target Support Files/Pods-Chat App/Pods-Chat App.debug.xcconfig"; sourceTree = "<group>"; };
/* End PBXFileReference section */

/* Begin PBXFrameworksBuildPhase section */
		84FF0B8329608CB300DC12A5 /* Frameworks */ = {
			isa = PBXFrameworksBuildPhase;
			buildActionMask = 2147483647;
			files = (
				3FBBAB96B32F324086E62320 /* Pods_Chat_App.framework in Frameworks */,
			);
			runOnlyForDeploymentPostprocessing = 0;
		};
/* End PBXFrameworksBuildPhase section */

/* Begin PBXGroup section */
		0376BC0E04CDCEAC2CF33D98 /* Frameworks */ = {
			isa = PBXGroup;
			children = (
				051BFA342CF8C6CC1B06FDFD /* Pods_Chat_App.framework */,
			);
			name = Frameworks;
			sourceTree = "<group>";
		};
		3F1ECC8E13122F74CA5035F6 /* Pods */ = {
			isa = PBXGroup;
			children = (
				A0E019503720E0F3EE3E9F8A /* Pods-Chat App.debug.xcconfig */,
				9704A5F1C219334A8BABE35F /* Pods-Chat App.release.xcconfig */,
			);
			path = Pods;
			sourceTree = "<group>";
		};
		84A92B5D296149F900B8C4E9 /* Authentication */ = {
			isa = PBXGroup;
			children = (
				84A92B5E29614A3000B8C4E9 /* LoginController.swift */,
				84A92B6029614A4C00B8C4E9 /* RegistrationController.swift */,
			);
			path = Authentication;
			sourceTree = "<group>";
		};
		84C56A9529616F0300BEF37C /* Model */ = {
			isa = PBXGroup;
			children = (
				841DDBF4296ABF5600E00FC3 /* User.swift */,
				841DDBFE296B51FC00E00FC3 /* Message.swift */,
			);
			path = Model;
			sourceTree = "<group>";
		};
		84FF0B7D29608CB300DC12A5 = {
			isa = PBXGroup;
			children = (
				84FF0B8829608CB300DC12A5 /* Chat App */,
				84FF0B8729608CB300DC12A5 /* Products */,
				3F1ECC8E13122F74CA5035F6 /* Pods */,
				0376BC0E04CDCEAC2CF33D98 /* Frameworks */,
			);
			sourceTree = "<group>";
		};
		84FF0B8729608CB300DC12A5 /* Products */ = {
			isa = PBXGroup;
			children = (
				84FF0B8629608CB300DC12A5 /* Chat App.app */,
			);
			name = Products;
			sourceTree = "<group>";
		};
		84FF0B8829608CB300DC12A5 /* Chat App */ = {
			isa = PBXGroup;
			children = (
				84C56A9529616F0300BEF37C /* Model */,
				84FF0BA429608EC100DC12A5 /* Utilities */,
				84FF0BA329608EB600DC12A5 /* API */,
				84FF0BA229608E9D00DC12A5 /* Controller */,
				84FF0B9E29608CCB00DC12A5 /* Views */,
				84FF0B9D29608CCA00DC12A5 /* ViewModels */,
				84FF0B8929608CB300DC12A5 /* AppDelegate.swift */,
				84FF0B8B29608CB300DC12A5 /* SceneDelegate.swift */,
				84FF0B8D29608CB300DC12A5 /* ViewController.swift */,
				84FF0B8F29608CB300DC12A5 /* Main.storyboard */,
				84FF0B9229608CB800DC12A5 /* Assets.xcassets */,
				84FF0B9429608CB800DC12A5 /* LaunchScreen.storyboard */,
				84FF0B9729608CB800DC12A5 /* Info.plist */,
				84C56A9C2961B02200BEF37C /* GoogleService-Info.plist */,
			);
			path = "Chat App";
			sourceTree = "<group>";
		};
		84FF0B9D29608CCA00DC12A5 /* ViewModels */ = {
			isa = PBXGroup;
			children = (
				84C56A9A29618B5300BEF37C /* LoginViewModel.swift */,
				8480720E296223E8002A3BC9 /* RegistrationViewModel.swift */,
				841DDC00296B585B00E00FC3 /* MessageViewModel.swift */,
			);
			path = ViewModels;
			sourceTree = "<group>";
		};
		84FF0B9E29608CCB00DC12A5 /* Views */ = {
			isa = PBXGroup;
			children = (
				84C56A9629616F2D00BEF37C /* InputContainerView.swift */,
				84C56A982961771700BEF37C /* CustomeTextField.swift */,
				841DDBF2296AAAE200E00FC3 /* UserCell.swift */,
				841DDBFA296B22A400E00FC3 /* CustomeInputAccessoryView.swift */,
				841DDBFC296B44A900E00FC3 /* MessageCell.swift */,
			);
			path = Views;
			sourceTree = "<group>";
		};
		84FF0BA229608E9D00DC12A5 /* Controller */ = {
			isa = PBXGroup;
			children = (
				84A92B5D296149F900B8C4E9 /* Authentication */,
				84FF0BA529608F5500DC12A5 /* ConversionController.swift */,
				841DDBF0296A9F7F00E00FC3 /* NewMessageController.swift */,
				841DDBF8296B062500E00FC3 /* ChatController.swift */,
			);
			path = Controller;
			sourceTree = "<group>";
		};
		84FF0BA329608EB600DC12A5 /* API */ = {
			isa = PBXGroup;
			children = (
				841DDBEE296A772400E00FC3 /* AuthService.swift */,
				841DDBF6296AC03A00E00FC3 /* Service.swift */,
			);
			path = API;
			sourceTree = "<group>";
		};
		84FF0BA429608EC100DC12A5 /* Utilities */ = {
			isa = PBXGroup;
			children = (
				84A92B6229615AB900B8C4E9 /* Extension.swift */,
				841DDC02296B84E500E00FC3 /* Constant.swift */,
			);
			path = Utilities;
			sourceTree = "<group>";
		};
/* End PBXGroup section */

/* Begin PBXNativeTarget section */
		84FF0B8529608CB300DC12A5 /* Chat App */ = {
			isa = PBXNativeTarget;
			buildConfigurationList = 84FF0B9A29608CB800DC12A5 /* Build configuration list for PBXNativeTarget "Chat App" */;
			buildPhases = (
				2D7C55A2785ACD2A5180A5F0 /* [CP] Check Pods Manifest.lock */,
				84FF0B8229608CB300DC12A5 /* Sources */,
				84FF0B8329608CB300DC12A5 /* Frameworks */,
				84FF0B8429608CB300DC12A5 /* Resources */,
				8442C370CC18B9C316FB607C /* [CP] Embed Pods Frameworks */,
			);
			buildRules = (
			);
			dependencies = (
			);
			name = "Chat App";
			productName = "Chat App";
			productReference = 84FF0B8629608CB300DC12A5 /* Chat App.app */;
			productType = "com.apple.product-type.application";
		};
/* End PBXNativeTarget section */

/* Begin PBXProject section */
		84FF0B7E29608CB300DC12A5 /* Project object */ = {
			isa = PBXProject;
			attributes = {
				BuildIndependentTargetsInParallel = 1;
				LastSwiftUpdateCheck = 1400;
				LastUpgradeCheck = 1400;
				TargetAttributes = {
					84FF0B8529608CB300DC12A5 = {
						CreatedOnToolsVersion = 14.0.1;
					};
				};
			};
			buildConfigurationList = 84FF0B8129608CB300DC12A5 /* Build configuration list for PBXProject "Chat App" */;
			compatibilityVersion = "Xcode 14.0";
			developmentRegion = en;
			hasScannedForEncodings = 0;
			knownRegions = (
				en,
				Base,
			);
			mainGroup = 84FF0B7D29608CB300DC12A5;
			productRefGroup = 84FF0B8729608CB300DC12A5 /* Products */;
			projectDirPath = "";
			projectRoot = "";
			targets = (
				84FF0B8529608CB300DC12A5 /* Chat App */,
			);
		};
/* End PBXProject section */

/* Begin PBXResourcesBuildPhase section */
		84FF0B8429608CB300DC12A5 /* Resources */ = {
			isa = PBXResourcesBuildPhase;
			buildActionMask = 2147483647;
			files = (
				84FF0B9629608CB800DC12A5 /* LaunchScreen.storyboard in Resources */,
				84C56A9D2961B02200BEF37C /* GoogleService-Info.plist in Resources */,
				84FF0B9329608CB800DC12A5 /* Assets.xcassets in Resources */,
				84FF0B9129608CB300DC12A5 /* Main.storyboard in Resources */,
			);
			runOnlyForDeploymentPostprocessing = 0;
		};
/* End PBXResourcesBuildPhase section */

/* Begin PBXShellScriptBuildPhase section */
		2D7C55A2785ACD2A5180A5F0 /* [CP] Check Pods Manifest.lock */ = {
			isa = PBXShellScriptBuildPhase;
			buildActionMask = 2147483647;
			files = (
			);
			inputFileListPaths = (
			);
			inputPaths = (
				"${PODS_PODFILE_DIR_PATH}/Podfile.lock",
				"${PODS_ROOT}/Manifest.lock",
			);
			name = "[CP] Check Pods Manifest.lock";
			outputFileListPaths = (
			);
			outputPaths = (
				"$(DERIVED_FILE_DIR)/Pods-Chat App-checkManifestLockResult.txt",
			);
			runOnlyForDeploymentPostprocessing = 0;
			shellPath = /bin/sh;
			shellScript = "diff \"${PODS_PODFILE_DIR_PATH}/Podfile.lock\" \"${PODS_ROOT}/Manifest.lock\" > /dev/null\nif [ $? != 0 ] ; then\n    # print error to STDERR\n    echo \"error: The sandbox is not in sync with the Podfile.lock. Run 'pod install' or update your CocoaPods installation.\" >&2\n    exit 1\nfi\n# This output is used by Xcode 'outputs' to avoid re-running this script phase.\necho \"SUCCESS\" > \"${SCRIPT_OUTPUT_FILE_0}\"\n";
			showEnvVarsInLog = 0;
		};
		8442C370CC18B9C316FB607C /* [CP] Embed Pods Frameworks */ = {
			isa = PBXShellScriptBuildPhase;
			buildActionMask = 2147483647;
			files = (
			);
			inputFileListPaths = (
				"${PODS_ROOT}/Target Support Files/Pods-Chat App/Pods-Chat App-frameworks-${CONFIGURATION}-input-files.xcfilelist",
			);
			name = "[CP] Embed Pods Frameworks";
			outputFileListPaths = (
				"${PODS_ROOT}/Target Support Files/Pods-Chat App/Pods-Chat App-frameworks-${CONFIGURATION}-output-files.xcfilelist",
			);
			runOnlyForDeploymentPostprocessing = 0;
			shellPath = /bin/sh;
			shellScript = "\"${PODS_ROOT}/Target Support Files/Pods-Chat App/Pods-Chat App-frameworks.sh\"\n";
			showEnvVarsInLog = 0;
		};
/* End PBXShellScriptBuildPhase section */

/* Begin PBXSourcesBuildPhase section */
		84FF0B8229608CB300DC12A5 /* Sources */ = {
			isa = PBXSourcesBuildPhase;
			buildActionMask = 2147483647;
			files = (
				84FF0B8E29608CB300DC12A5 /* ViewController.swift in Sources */,
				8480720F296223E8002A3BC9 /* RegistrationViewModel.swift in Sources */,
				84C56A9729616F2D00BEF37C /* InputContainerView.swift in Sources */,
				841DDBFB296B22A400E00FC3 /* CustomeInputAccessoryView.swift in Sources */,
				841DDC01296B585B00E00FC3 /* MessageViewModel.swift in Sources */,
				841DDBEF296A772400E00FC3 /* AuthService.swift in Sources */,
				84FF0B8A29608CB300DC12A5 /* AppDelegate.swift in Sources */,
				84A92B6329615AB900B8C4E9 /* Extension.swift in Sources */,
				841DDBF3296AAAE200E00FC3 /* UserCell.swift in Sources */,
				84C56A992961771700BEF37C /* CustomeTextField.swift in Sources */,
				841DDBF5296ABF5600E00FC3 /* User.swift in Sources */,
				841DDBFD296B44A900E00FC3 /* MessageCell.swift in Sources */,
				841DDBF7296AC03A00E00FC3 /* Service.swift in Sources */,
				84FF0B8C29608CB300DC12A5 /* SceneDelegate.swift in Sources */,
				84FF0BA629608F5500DC12A5 /* ConversionController.swift in Sources */,
				84A92B6129614A4C00B8C4E9 /* RegistrationController.swift in Sources */,
				84C56A9B29618B5300BEF37C /* LoginViewModel.swift in Sources */,
				841DDBF9296B062500E00FC3 /* ChatController.swift in Sources */,
				841DDBFF296B51FC00E00FC3 /* Message.swift in Sources */,
				841DDC03296B84E500E00FC3 /* Constant.swift in Sources */,
				84A92B5F29614A3000B8C4E9 /* LoginController.swift in Sources */,
				841DDBF1296A9F8000E00FC3 /* NewMessageController.swift in Sources */,
			);
			runOnlyForDeploymentPostprocessing = 0;
		};
/* End PBXSourcesBuildPhase section */

/* Begin PBXVariantGroup section */
		84FF0B8F29608CB300DC12A5 /* Main.storyboard */ = {
			isa = PBXVariantGroup;
			children = (
				84FF0B9029608CB300DC12A5 /* Base */,
			);
			name = Main.storyboard;
			sourceTree = "<group>";
		};
		84FF0B9429608CB800DC12A5 /* LaunchScreen.storyboard */ = {
			isa = PBXVariantGroup;
			children = (
				84FF0B9529608CB800DC12A5 /* Base */,
			);
			name = LaunchScreen.storyboard;
			sourceTree = "<group>";
		};
/* End PBXVariantGroup section */

/* Begin XCBuildConfiguration section */
		84FF0B9829608CB800DC12A5 /* Debug */ = {
			isa = XCBuildConfiguration;
			buildSettings = {
				ALWAYS_SEARCH_USER_PATHS = NO;
				CLANG_ANALYZER_NONNULL = YES;
				CLANG_ANALYZER_NUMBER_OBJECT_CONVERSION = YES_AGGRESSIVE;
				CLANG_CXX_LANGUAGE_STANDARD = "gnu++20";
				CLANG_ENABLE_MODULES = YES;
				CLANG_ENABLE_OBJC_ARC = YES;
				CLANG_ENABLE_OBJC_WEAK = YES;
				CLANG_WARN_BLOCK_CAPTURE_AUTORELEASING = YES;
				CLANG_WARN_BOOL_CONVERSION = YES;
				CLANG_WARN_COMMA = YES;
				CLANG_WARN_CONSTANT_CONVERSION = YES;
				CLANG_WARN_DEPRECATED_OBJC_IMPLEMENTATIONS = YES;
				CLANG_WARN_DIRECT_OBJC_ISA_USAGE = YES_ERROR;
				CLANG_WARN_DOCUMENTATION_COMMENTS = YES;
				CLANG_WARN_EMPTY_BODY = YES;
				CLANG_WARN_ENUM_CONVERSION = YES;
				CLANG_WARN_INFINITE_RECURSION = YES;
				CLANG_WARN_INT_CONVERSION = YES;
				CLANG_WARN_NON_LITERAL_NULL_CONVERSION = YES;
				CLANG_WARN_OBJC_IMPLICIT_RETAIN_SELF = YES;
				CLANG_WARN_OBJC_LITERAL_CONVERSION = YES;
				CLANG_WARN_OBJC_ROOT_CLASS = YES_ERROR;
				CLANG_WARN_QUOTED_INCLUDE_IN_FRAMEWORK_HEADER = YES;
				CLANG_WARN_RANGE_LOOP_ANALYSIS = YES;
				CLANG_WARN_STRICT_PROTOTYPES = YES;
				CLANG_WARN_SUSPICIOUS_MOVE = YES;
				CLANG_WARN_UNGUARDED_AVAILABILITY = YES_AGGRESSIVE;
				CLANG_WARN_UNREACHABLE_CODE = YES;
				CLANG_WARN__DUPLICATE_METHOD_MATCH = YES;
				COPY_PHASE_STRIP = NO;
				DEBUG_INFORMATION_FORMAT = dwarf;
				ENABLE_STRICT_OBJC_MSGSEND = YES;
				ENABLE_TESTABILITY = YES;
				GCC_C_LANGUAGE_STANDARD = gnu11;
				GCC_DYNAMIC_NO_PIC = NO;
				GCC_NO_COMMON_BLOCKS = YES;
				GCC_OPTIMIZATION_LEVEL = 0;
				GCC_PREPROCESSOR_DEFINITIONS = (
					"DEBUG=1",
					"$(inherited)",
				);
				GCC_WARN_64_TO_32_BIT_CONVERSION = YES;
				GCC_WARN_ABOUT_RETURN_TYPE = YES_ERROR;
				GCC_WARN_UNDECLARED_SELECTOR = YES;
				GCC_WARN_UNINITIALIZED_AUTOS = YES_AGGRESSIVE;
				GCC_WARN_UNUSED_FUNCTION = YES;
				GCC_WARN_UNUSED_VARIABLE = YES;
				IPHONEOS_DEPLOYMENT_TARGET = 16.0;
				MTL_ENABLE_DEBUG_INFO = INCLUDE_SOURCE;
				MTL_FAST_MATH = YES;
				ONLY_ACTIVE_ARCH = YES;
				SDKROOT = iphoneos;
				SWIFT_ACTIVE_COMPILATION_CONDITIONS = DEBUG;
				SWIFT_OPTIMIZATION_LEVEL = "-Onone";
			};
			name = Debug;
		};
		84FF0B9929608CB800DC12A5 /* Release */ = {
			isa = XCBuildConfiguration;
			buildSettings = {
				ALWAYS_SEARCH_USER_PATHS = NO;
				CLANG_ANALYZER_NONNULL = YES;
				CLANG_ANALYZER_NUMBER_OBJECT_CONVERSION = YES_AGGRESSIVE;
				CLANG_CXX_LANGUAGE_STANDARD = "gnu++20";
				CLANG_ENABLE_MODULES = YES;
				CLANG_ENABLE_OBJC_ARC = YES;
				CLANG_ENABLE_OBJC_WEAK = YES;
				CLANG_WARN_BLOCK_CAPTURE_AUTORELEASING = YES;
				CLANG_WARN_BOOL_CONVERSION = YES;
				CLANG_WARN_COMMA = YES;
				CLANG_WARN_CONSTANT_CONVERSION = YES;
				CLANG_WARN_DEPRECATED_OBJC_IMPLEMENTATIONS = YES;
				CLANG_WARN_DIRECT_OBJC_ISA_USAGE = YES_ERROR;
				CLANG_WARN_DOCUMENTATION_COMMENTS = YES;
				CLANG_WARN_EMPTY_BODY = YES;
				CLANG_WARN_ENUM_CONVERSION = YES;
				CLANG_WARN_INFINITE_RECURSION = YES;
				CLANG_WARN_INT_CONVERSION = YES;
				CLANG_WARN_NON_LITERAL_NULL_CONVERSION = YES;
				CLANG_WARN_OBJC_IMPLICIT_RETAIN_SELF = YES;
				CLANG_WARN_OBJC_LITERAL_CONVERSION = YES;
				CLANG_WARN_OBJC_ROOT_CLASS = YES_ERROR;
				CLANG_WARN_QUOTED_INCLUDE_IN_FRAMEWORK_HEADER = YES;
				CLANG_WARN_RANGE_LOOP_ANALYSIS = YES;
				CLANG_WARN_STRICT_PROTOTYPES = YES;
				CLANG_WARN_SUSPICIOUS_MOVE = YES;
				CLANG_WARN_UNGUARDED_AVAILABILITY = YES_AGGRESSIVE;
				CLANG_WARN_UNREACHABLE_CODE = YES;
				CLANG_WARN__DUPLICATE_METHOD_MATCH = YES;
				COPY_PHASE_STRIP = NO;
				DEBUG_INFORMATION_FORMAT = "dwarf-with-dsym";
				ENABLE_NS_ASSERTIONS = NO;
				ENABLE_STRICT_OBJC_MSGSEND = YES;
				GCC_C_LANGUAGE_STANDARD = gnu11;
				GCC_NO_COMMON_BLOCKS = YES;
				GCC_WARN_64_TO_32_BIT_CONVERSION = YES;
				GCC_WARN_ABOUT_RETURN_TYPE = YES_ERROR;
				GCC_WARN_UNDECLARED_SELECTOR = YES;
				GCC_WARN_UNINITIALIZED_AUTOS = YES_AGGRESSIVE;
				GCC_WARN_UNUSED_FUNCTION = YES;
				GCC_WARN_UNUSED_VARIABLE = YES;
				IPHONEOS_DEPLOYMENT_TARGET = 16.0;
				MTL_ENABLE_DEBUG_INFO = NO;
				MTL_FAST_MATH = YES;
				SDKROOT = iphoneos;
				SWIFT_COMPILATION_MODE = wholemodule;
				SWIFT_OPTIMIZATION_LEVEL = "-O";
				VALIDATE_PRODUCT = YES;
			};
			name = Release;
		};
		84FF0B9B29608CB800DC12A5 /* Debug */ = {
			isa = XCBuildConfiguration;
			baseConfigurationReference = A0E019503720E0F3EE3E9F8A /* Pods-Chat App.debug.xcconfig */;
			buildSettings = {
				ASSETCATALOG_COMPILER_APPICON_NAME = AppIcon;
				ASSETCATALOG_COMPILER_GLOBAL_ACCENT_COLOR_NAME = AccentColor;
				CODE_SIGN_STYLE = Automatic;
				CURRENT_PROJECT_VERSION = 1;
				GENERATE_INFOPLIST_FILE = YES;
				INFOPLIST_FILE = "Chat App/Info.plist";
				INFOPLIST_KEY_UIApplicationSupportsIndirectInputEvents = YES;
				INFOPLIST_KEY_UILaunchStoryboardName = LaunchScreen;
				INFOPLIST_KEY_UIMainStoryboardFile = Main;
				INFOPLIST_KEY_UISupportedInterfaceOrientations_iPad = "UIInterfaceOrientationPortrait UIInterfaceOrientationPortraitUpsideDown UIInterfaceOrientationLandscapeLeft UIInterfaceOrientationLandscapeRight";
				INFOPLIST_KEY_UISupportedInterfaceOrientations_iPhone = "UIInterfaceOrientationPortrait UIInterfaceOrientationLandscapeLeft UIInterfaceOrientationLandscapeRight";
				LD_RUNPATH_SEARCH_PATHS = (
					"$(inherited)",
					"@executable_path/Frameworks",
				);
				MARKETING_VERSION = 1.0;
				PRODUCT_BUNDLE_IDENTIFIER = "com.bridgelabz.Chat-App";
				PRODUCT_NAME = "$(TARGET_NAME)";
				SWIFT_EMIT_LOC_STRINGS = YES;
				SWIFT_VERSION = 5.0;
				TARGETED_DEVICE_FAMILY = "1,2";
			};
			name = Debug;
		};
		84FF0B9C29608CB800DC12A5 /* Release */ = {
			isa = XCBuildConfiguration;
			baseConfigurationReference = 9704A5F1C219334A8BABE35F /* Pods-Chat App.release.xcconfig */;
			buildSettings = {
				ASSETCATALOG_COMPILER_APPICON_NAME = AppIcon;
				ASSETCATALOG_COMPILER_GLOBAL_ACCENT_COLOR_NAME = AccentColor;
				CODE_SIGN_STYLE = Automatic;
				CURRENT_PROJECT_VERSION = 1;
				GENERATE_INFOPLIST_FILE = YES;
				INFOPLIST_FILE = "Chat App/Info.plist";
				INFOPLIST_KEY_UIApplicationSupportsIndirectInputEvents = YES;
				INFOPLIST_KEY_UILaunchStoryboardName = LaunchScreen;
				INFOPLIST_KEY_UIMainStoryboardFile = Main;
				INFOPLIST_KEY_UISupportedInterfaceOrientations_iPad = "UIInterfaceOrientationPortrait UIInterfaceOrientationPortraitUpsideDown UIInterfaceOrientationLandscapeLeft UIInterfaceOrientationLandscapeRight";
				INFOPLIST_KEY_UISupportedInterfaceOrientations_iPhone = "UIInterfaceOrientationPortrait UIInterfaceOrientationLandscapeLeft UIInterfaceOrientationLandscapeRight";
				LD_RUNPATH_SEARCH_PATHS = (
					"$(inherited)",
					"@executable_path/Frameworks",
				);
				MARKETING_VERSION = 1.0;
				PRODUCT_BUNDLE_IDENTIFIER = "com.bridgelabz.Chat-App";
				PRODUCT_NAME = "$(TARGET_NAME)";
				SWIFT_EMIT_LOC_STRINGS = YES;
				SWIFT_VERSION = 5.0;
				TARGETED_DEVICE_FAMILY = "1,2";
			};
			name = Release;
		};
/* End XCBuildConfiguration section */

/* Begin XCConfigurationList section */
		84FF0B8129608CB300DC12A5 /* Build configuration list for PBXProject "Chat App" */ = {
			isa = XCConfigurationList;
			buildConfigurations = (
				84FF0B9829608CB800DC12A5 /* Debug */,
				84FF0B9929608CB800DC12A5 /* Release */,
			);
			defaultConfigurationIsVisible = 0;
			defaultConfigurationName = Release;
		};
		84FF0B9A29608CB800DC12A5 /* Build configuration list for PBXNativeTarget "Chat App" */ = {
			isa = XCConfigurationList;
			buildConfigurations = (
				84FF0B9B29608CB800DC12A5 /* Debug */,
				84FF0B9C29608CB800DC12A5 /* Release */,
			);
			defaultConfigurationIsVisible = 0;
			defaultConfigurationName = Release;
		};
/* End XCConfigurationList section */
	};
	rootObject = 84FF0B7E29608CB300DC12A5 /* Project object */;
}
